
Microsoft Visual Studio Solution File, Format Version 12.00
# Visual Studio Version 17
VisualStudioVersion = 17.1.32210.238
MinimumVisualStudioVersion = 10.0.40219.1
Project("{FAE04EC0-301F-11D3-BF4B-00C04F79EFBC}") = "Entity", "Entity\Entity.csproj", "{A32F57C1-6F17-45E5-AC20-3B8936237375}"
EndProject
Project("{FAE04EC0-301F-11D3-BF4B-00C04F79EFBC}") = "Business", "Business\Business.csproj", "{073D174F-3F46-4A1D-BD57-1D801CD011BB}"
EndProject
Project("{FAE04EC0-301F-11D3-BF4B-00C04F79EFBC}") = "DataAccess", "DataAccess\DataAccess.csproj", "{25C5174F-0770-430A-A933-D684BEC10397}"
EndProject
Project("{FAE04EC0-301F-11D3-BF4B-00C04F79EFBC}") = "Web", "Web\Web.csproj", "{9A144D21-DE3A-4C44-A4C3-69347453F185}"
EndProject
Global
	GlobalSection(SolutionConfigurationPlatforms) = preSolution
		Debug|Any CPU = Debug|Any CPU
		Release|Any CPU = Release|Any CPU
	EndGlobalSection
	GlobalSection(ProjectConfigurationPlatforms) = postSolution
		{A32F57C1-6F17-45E5-AC20-3B8936237375}.Debug|Any CPU.ActiveCfg = Debug|Any CPU
		{A32F57C1-6F17-45E5-AC20-3B8936237375}.Debug|Any CPU.Build.0 = Debug|Any CPU
		{A32F57C1-6F17-45E5-AC20-3B8936237375}.Release|Any CPU.ActiveCfg = Release|Any CPU
		{A32F57C1-6F17-45E5-AC20-3B8936237375}.Release|Any CPU.Build.0 = Release|Any CPU
		{073D174F-3F46-4A1D-BD57-1D801CD011BB}.Debug|Any CPU.ActiveCfg = Debug|Any CPU
		{073D174F-3F46-4A1D-BD57-1D801CD011BB}.Debug|Any CPU.Build.0 = Debug|Any CPU
		{073D174F-3F46-4A1D-BD57-1D801CD011BB}.Release|Any CPU.ActiveCfg = Release|Any CPU
		{073D174F-3F46-4A1D-BD57-1D801CD011BB}.Release|Any CPU.Build.0 = Release|Any CPU
		{25C5174F-0770-430A-A933-D684BEC10397}.Debug|Any CPU.ActiveCfg = Debug|Any CPU
		{25C5174F-0770-430A-A933-D684BEC10397}.Debug|Any CPU.Build.0 = Debug|Any CPU
		{25C5174F-0770-430A-A933-D684BEC10397}.Release|Any CPU.ActiveCfg = Release|Any CPU
		{25C5174F-0770-430A-A933-D684BEC10397}.Release|Any CPU.Build.0 = Release|Any CPU
		{9A144D21-DE3A-4C44-A4C3-69347453F185}.Debug|Any CPU.ActiveCfg = Debug|Any CPU
		{9A144D21-DE3A-4C44-A4C3-69347453F185}.Debug|Any CPU.Build.0 = Debug|Any CPU
		{9A144D21-DE3A-4C44-A4C3-69347453F185}.Release|Any CPU.ActiveCfg = Release|Any CPU
		{9A144D21-DE3A-4C44-A4C3-69347453F185}.Release|Any CPU.Build.0 = Release|Any CPU
	EndGlobalSection
	GlobalSection(SolutionProperties) = preSolution
		HideSolutionNode = FALSE
	EndGlobalSection
	GlobalSection(ExtensibilityGlobals) = postSolution
		SolutionGuid = {6DC36563-1F14-43F7-9DE6-C819E93F2369}
	EndGlobalSection
EndGlobal
